github.com/matryer/is v1.4.0 h1:sosSmIWwkYITGrxZ25ULNDeKiMNzFSr4V/eqBQP0PeE=
github.com/matryer/is v1.4.0/go.mod h1:8I/i5uYgLzgsgEloJE1U6xx5HkBQpAZvepWuujKwMRU=
github.com/petegabriel/cryptohack v0.0.0-20221205123658-4c38349144d0 h1:69Gd085VSfCrQ/CzTuQHa70/OjaEz40CSXcguu1EpJA=
github.com/petegabriel/cryptohack v0.0.0-20221205123658-4c38349144d0/go.mod h1:fpcTdRUT6KwLdEuKsb0L6EU1We/JWBID6DRpsZ0L0Jk=
